
Microsoft Visual Studio Solution File, Format Version 12.00
# Visual Studio Version 17
VisualStudioVersion = 17.8.34322.80
MinimumVisualStudioVersion = 10.0.40219.1
Project("{9A19103F-16F7-4668-BE54-9A1E7A4F7556}") = "SiGaHRMS.ApiService", "Server\SiGaHRMS.ApiService.csproj", "{5E09801E-A270-45F1-98C3-68DE2B6B7C20}"
EndProject
Project("{9A19103F-16F7-4668-BE54-9A1E7A4F7556}") = "SiGaHRMS.Data", "Data\SiGaHRMS.Data.csproj", "{B91F0446-BF04-4A84-B36D-97C2AEAFA6AD}"
EndProject
Global
	GlobalSection(SolutionConfigurationPlatforms) = preSolution
		Debug|Any CPU = Debug|Any CPU
		Release|Any CPU = Release|Any CPU
	EndGlobalSection
	GlobalSection(ProjectConfigurationPlatforms) = postSolution
		{5E09801E-A270-45F1-98C3-68DE2B6B7C20}.Debug|Any CPU.ActiveCfg = Debug|Any CPU
		{5E09801E-A270-45F1-98C3-68DE2B6B7C20}.Debug|Any CPU.Build.0 = Debug|Any CPU
		{5E09801E-A270-45F1-98C3-68DE2B6B7C20}.Release|Any CPU.ActiveCfg = Release|Any CPU
		{5E09801E-A270-45F1-98C3-68DE2B6B7C20}.Release|Any CPU.Build.0 = Release|Any CPU
		{B91F0446-BF04-4A84-B36D-97C2AEAFA6AD}.Debug|Any CPU.ActiveCfg = Debug|Any CPU
		{B91F0446-BF04-4A84-B36D-97C2AEAFA6AD}.Debug|Any CPU.Build.0 = Debug|Any CPU
		{B91F0446-BF04-4A84-B36D-97C2AEAFA6AD}.Release|Any CPU.ActiveCfg = Release|Any CPU
		{B91F0446-BF04-4A84-B36D-97C2AEAFA6AD}.Release|Any CPU.Build.0 = Release|Any CPU
	EndGlobalSection
	GlobalSection(SolutionProperties) = preSolution
		HideSolutionNode = FALSE
	EndGlobalSection
	GlobalSection(ExtensibilityGlobals) = postSolution
		SolutionGuid = {5881D7C7-30CC-4C8B-A336-3DCF90DEDB84}
	EndGlobalSection
EndGlobal
